
Microsoft Visual Studio Solution File, Format Version 12.00
# Visual Studio 14
VisualStudioVersion = 14.0.25420.1
MinimumVisualStudioVersion = 10.0.40219.1
Project("{FAE04EC0-301F-11D3-BF4B-00C04F79EFBC}") = "CodeProjectScrape", "CodeProjectScrape\CodeProjectScrape.csproj", "{D5FD728C-AE38-497B-8845-DA0EE6AAAE28}"
EndProject
Global
	GlobalSection(SolutionConfigurationPlatforms) = preSolution
		Debug|Any CPU = Debug|Any CPU
		Release|Any CPU = Release|Any CPU
	EndGlobalSection
	GlobalSection(ProjectConfigurationPlatforms) = postSolution
		{D5FD728C-AE38-497B-8845-DA0EE6AAAE28}.Debug|Any CPU.ActiveCfg = Debug|Any CPU
		{D5FD728C-AE38-497B-8845-DA0EE6AAAE28}.Debug|Any CPU.Build.0 = Debug|Any CPU
		{D5FD728C-AE38-497B-8845-DA0EE6AAAE28}.Release|Any CPU.ActiveCfg = Release|Any CPU
		{D5FD728C-AE38-497B-8845-DA0EE6AAAE28}.Release|Any CPU.Build.0 = Release|Any CPU
	EndGlobalSection
	GlobalSection(SolutionProperties) = preSolution
		HideSolutionNode = FALSE
	EndGlobalSection
EndGlobal
